
Microsoft Visual Studio Solution File, Format Version 12.00
# Visual Studio Version 17
VisualStudioVersion = 17.10.34916.146
MinimumVisualStudioVersion = 10.0.40219.1
Project("{9A19103F-16F7-4668-BE54-9A1E7A4F7556}") = "MudBlazor.ThemeManager", "src\MudBlazor.ThemeManager\MudBlazor.ThemeManager.csproj", "{1ACD40DE-350A-4F99-A292-8A68C4ABD8E7}"
EndProject
Project("{9A19103F-16F7-4668-BE54-9A1E7A4F7556}") = "MudBlazor.ThemeManager.TestApp", "src\MudBlazor.ThemeManager.TestApp\MudBlazor.ThemeManager.TestApp.csproj", "{4EC8992A-C116-45E2-BC3D-D18DC39E3D73}"
EndProject
Project("{9A19103F-16F7-4668-BE54-9A1E7A4F7556}") = "_build", "build\_build.csproj", "{5A0EBDB0-7D6E-4BB0-8F93-B426BFE6272B}"
EndProject
Global
	GlobalSection(SolutionConfigurationPlatforms) = preSolution
		Debug|Any CPU = Debug|Any CPU
		Release|Any CPU = Release|Any CPU
	EndGlobalSection
	GlobalSection(ProjectConfigurationPlatforms) = postSolution
		{5A0EBDB0-7D6E-4BB0-8F93-B426BFE6272B}.Debug|Any CPU.ActiveCfg = Debug|Any CPU
		{5A0EBDB0-7D6E-4BB0-8F93-B426BFE6272B}.Release|Any CPU.ActiveCfg = Release|Any CPU
		{1ACD40DE-350A-4F99-A292-8A68C4ABD8E7}.Debug|Any CPU.ActiveCfg = Debug|Any CPU
		{1ACD40DE-350A-4F99-A292-8A68C4ABD8E7}.Debug|Any CPU.Build.0 = Debug|Any CPU
		{1ACD40DE-350A-4F99-A292-8A68C4ABD8E7}.Release|Any CPU.ActiveCfg = Release|Any CPU
		{1ACD40DE-350A-4F99-A292-8A68C4ABD8E7}.Release|Any CPU.Build.0 = Release|Any CPU
		{4EC8992A-C116-45E2-BC3D-D18DC39E3D73}.Debug|Any CPU.ActiveCfg = Debug|Any CPU
		{4EC8992A-C116-45E2-BC3D-D18DC39E3D73}.Debug|Any CPU.Build.0 = Debug|Any CPU
		{4EC8992A-C116-45E2-BC3D-D18DC39E3D73}.Release|Any CPU.ActiveCfg = Release|Any CPU
		{4EC8992A-C116-45E2-BC3D-D18DC39E3D73}.Release|Any CPU.Build.0 = Release|Any CPU
	EndGlobalSection
	GlobalSection(SolutionProperties) = preSolution
		HideSolutionNode = FALSE
	EndGlobalSection
	GlobalSection(ExtensibilityGlobals) = postSolution
		SolutionGuid = {E9DD5D92-AAAB-45B2-8F9E-EAE09D80E347}
	EndGlobalSection
EndGlobal
