
Microsoft Visual Studio Solution File, Format Version 12.00
# Visual Studio Version 17
VisualStudioVersion = 17.0.31903.59
MinimumVisualStudioVersion = 10.0.40219.1
Project("{9A19103F-16F7-4668-BE54-9A1E7A4F7556}") = "MudBlazor.ThemeManager", "MudBlazor.ThemeManager\MudBlazor.ThemeManager.csproj", "{093E46CE-E194-49F3-B5A4-BBFFE4B6096D}"
EndProject
Project("{FAE04EC0-301F-11D3-BF4B-00C04F79EFBC}") = "MudBlazor.ThemeManager.App", "MudBlazor.ThemeManager.App\MudBlazor.ThemeManager.App.csproj", "{BFD66650-6CF2-4DD0-BFC9-FC103ADCE94A}"
EndProject
Global
	GlobalSection(SolutionConfigurationPlatforms) = preSolution
		Debug|Any CPU = Debug|Any CPU
		Release|Any CPU = Release|Any CPU
	EndGlobalSection
	GlobalSection(ProjectConfigurationPlatforms) = postSolution
		{093E46CE-E194-49F3-B5A4-BBFFE4B6096D}.Debug|Any CPU.ActiveCfg = Debug|Any CPU
		{093E46CE-E194-49F3-B5A4-BBFFE4B6096D}.Debug|Any CPU.Build.0 = Debug|Any CPU
		{093E46CE-E194-49F3-B5A4-BBFFE4B6096D}.Release|Any CPU.ActiveCfg = Release|Any CPU
		{093E46CE-E194-49F3-B5A4-BBFFE4B6096D}.Release|Any CPU.Build.0 = Release|Any CPU
		{BFD66650-6CF2-4DD0-BFC9-FC103ADCE94A}.Debug|Any CPU.ActiveCfg = Debug|Any CPU
		{BFD66650-6CF2-4DD0-BFC9-FC103ADCE94A}.Debug|Any CPU.Build.0 = Debug|Any CPU
		{BFD66650-6CF2-4DD0-BFC9-FC103ADCE94A}.Release|Any CPU.ActiveCfg = Release|Any CPU
		{BFD66650-6CF2-4DD0-BFC9-FC103ADCE94A}.Release|Any CPU.Build.0 = Release|Any CPU
	EndGlobalSection
	GlobalSection(SolutionProperties) = preSolution
		HideSolutionNode = FALSE
	EndGlobalSection
	GlobalSection(ExtensibilityGlobals) = postSolution
		SolutionGuid = {E74F0B6D-5B1E-44DB-8D42-C07F6F6C952F}
	EndGlobalSection
EndGlobal
